
Microsoft Visual Studio Solution File, Format Version 12.00
# Visual Studio Version 16
VisualStudioVersion = 16.0.31205.134
MinimumVisualStudioVersion = 10.0.40219.1
Project("{FAE04EC0-301F-11D3-BF4B-00C04F79EFBC}") = "SantaProject", "SantaProject.csproj", "{9B40A912-5B60-463E-8D60-C10200301D40}"
EndProject
Global
	GlobalSection(SolutionConfigurationPlatforms) = preSolution
		Debug|Any CPU = Debug|Any CPU
		Release|Any CPU = Release|Any CPU
	EndGlobalSection
	GlobalSection(ProjectConfigurationPlatforms) = postSolution
		{9B40A912-5B60-463E-8D60-C10200301D40}.Debug|Any CPU.ActiveCfg = Debug|Any CPU
		{9B40A912-5B60-463E-8D60-C10200301D40}.Debug|Any CPU.Build.0 = Debug|Any CPU
		{9B40A912-5B60-463E-8D60-C10200301D40}.Release|Any CPU.ActiveCfg = Release|Any CPU
		{9B40A912-5B60-463E-8D60-C10200301D40}.Release|Any CPU.Build.0 = Release|Any CPU
	EndGlobalSection
	GlobalSection(SolutionProperties) = preSolution
		HideSolutionNode = FALSE
	EndGlobalSection
	GlobalSection(ExtensibilityGlobals) = postSolution
		SolutionGuid = {418FF650-98FF-4635-AB58-2DB22954379C}
	EndGlobalSection
EndGlobal
